// !$*UTF8*$!
{
	archiveVersion = 1;
	classes = {
	};
	objectVersion = 77;
	objects = {

/* Begin PBXContainerItemProxy section */
		3286D3242D13BAA600DA1741 /* PBXContainerItemProxy */ = {
			isa = PBXContainerItemProxy;
			containerPortal = 3286D3052D13BAA400DA1741 /* Project object */;
			proxyType = 1;
			remoteGlobalIDString = 3286D30C2D13BAA400DA1741;
			remoteInfo = Colorify;
		};
		3286D32E2D13BAA600DA1741 /* PBXContainerItemProxy */ = {
			isa = PBXContainerItemProxy;
			containerPortal = 3286D3052D13BAA400DA1741 /* Project object */;
			proxyType = 1;
			remoteGlobalIDString = 3286D30C2D13BAA400DA1741;
			remoteInfo = Colorify;
		};
/* End PBXContainerItemProxy section */

/* Begin PBXFileReference section */
		3286D30D2D13BAA400DA1741 /* Colorify.app */ = {isa = PBXFileReference; explicitFileType = wrapper.application; includeInIndex = 0; path = Colorify.app; sourceTree = BUILT_PRODUCTS_DIR; };
		3286D3232D13BAA600DA1741 /* ColorifyTests.xctest */ = {isa = PBXFileReference; explicitFileType = wrapper.cfbundle; includeInIndex = 0; path = ColorifyTests.xctest; sourceTree = BUILT_PRODUCTS_DIR; };
		3286D32D2D13BAA600DA1741 /* ColorifyUITests.xctest */ = {isa = PBXFileReference; explicitFileType = wrapper.cfbundle; includeInIndex = 0; path = ColorifyUITests.xctest; sourceTree = BUILT_PRODUCTS_DIR; };
/* End PBXFileReference section */

/* Begin PBXFileSystemSynchronizedBuildFileExceptionSet section */
		3286D3352D13BAA600DA1741 /* Exceptions for "Colorify" folder in "Colorify" target */ = {
			isa = PBXFileSystemSynchronizedBuildFileExceptionSet;
			membershipExceptions = (
				Info.plist,
			);
			target = 3286D30C2D13BAA400DA1741 /* Colorify */;
		};
/* End PBXFileSystemSynchronizedBuildFileExceptionSet section */

/* Begin PBXFileSystemSynchronizedRootGroup section */
		3286D30F2D13BAA400DA1741 /* Colorify */ = {
			isa = PBXFileSystemSynchronizedRootGroup;
			exceptions = (
				3286D3352D13BAA600DA1741 /* Exceptions for "Colorify" folder in "Colorify" target */,
			);
			path = Colorify;
			sourceTree = "<group>";
		};
		3286D3262D13BAA600DA1741 /* ColorifyTests */ = {
			isa = PBXFileSystemSynchronizedRootGroup;
			path = ColorifyTests;
			sourceTree = "<group>";
		};
		3286D3302D13BAA600DA1741 /* ColorifyUITests */ = {
			isa = PBXFileSystemSynchronizedRootGroup;
			path = ColorifyUITests;
			sourceTree = "<group>";
		};
/* End PBXFileSystemSynchronizedRootGroup section */

/* Begin PBXFrameworksBuildPhase section */
		3286D30A2D13BAA400DA1741 /* Frameworks */ = {
			isa = PBXFrameworksBuildPhase;
			buildActionMask = 2147483647;
			files = (
			);
			runOnlyForDeploymentPostprocessing = 0;
		};
		3286D3202D13BAA600DA1741 /* Frameworks */ = {
			isa = PBXFrameworksBuildPhase;
			buildActionMask = 2147483647;
			files = (
			);
			runOnlyForDeploymentPostprocessing = 0;
		};
		3286D32A2D13BAA600DA1741 /* Frameworks */ = {
			isa = PBXFrameworksBuildPhase;
			buildActionMask = 2147483647;
			files = (
			);
			runOnlyForDeploymentPostprocessing = 0;
		};
/* End PBXFrameworksBuildPhase section */

/* Begin PBXGroup section */
		3286D3042D13BAA400DA1741 = {
			isa = PBXGroup;
			children = (
				3286D30F2D13BAA400DA1741 /* Colorify */,
				3286D3262D13BAA600DA1741 /* ColorifyTests */,
				3286D3302D13BAA600DA1741 /* ColorifyUITests */,
				3286D30E2D13BAA400DA1741 /* Products */,
			);
			sourceTree = "<group>";
		};
		3286D30E2D13BAA400DA1741 /* Products */ = {
			isa = PBXGroup;
			children = (
				3286D30D2D13BAA400DA1741 /* Colorify.app */,
				3286D3232D13BAA600DA1741 /* ColorifyTests.xctest */,
				3286D32D2D13BAA600DA1741 /* ColorifyUITests.xctest */,
			);
			name = Products;
			sourceTree = "<group>";
		};
/* End PBXGroup section */

/* Begin PBXNativeTarget section */
		3286D30C2D13BAA400DA1741 /* Colorify */ = {
			isa = PBXNativeTarget;
			buildConfigurationList = 3286D3362D13BAA600DA1741 /* Build configuration list for PBXNativeTarget "Colorify" */;
			buildPhases = (
				3286D3092D13BAA400DA1741 /* Sources */,
				3286D30A2D13BAA400DA1741 /* Frameworks */,
				3286D30B2D13BAA400DA1741 /* Resources */,
			);
			buildRules = (
			);
			dependencies = (
			);
			fileSystemSynchronizedGroups = (
				3286D30F2D13BAA400DA1741 /* Colorify */,
			);
			name = Colorify;
			packageProductDependencies = (
			);
			productName = Colorify;
			productReference = 3286D30D2D13BAA400DA1741 /* Colorify.app */;
			productType = "com.apple.product-type.application";
		};
		3286D3222D13BAA600DA1741 /* ColorifyTests */ = {
			isa = PBXNativeTarget;
			buildConfigurationList = 3286D33B2D13BAA600DA1741 /* Build configuration list for PBXNativeTarget "ColorifyTests" */;
			buildPhases = (
				3286D31F2D13BAA600DA1741 /* Sources */,
				3286D3202D13BAA600DA1741 /* Frameworks */,
				3286D3212D13BAA600DA1741 /* Resources */,
			);
			buildRules = (
			);
			dependencies = (
				3286D3252D13BAA600DA1741 /* PBXTargetDependency */,
			);
			fileSystemSynchronizedGroups = (
				3286D3262D13BAA600DA1741 /* ColorifyTests */,
			);
			name = ColorifyTests;
			packageProductDependencies = (
			);
			productName = ColorifyTests;
			productReference = 3286D3232D13BAA600DA1741 /* ColorifyTests.xctest */;
			productType = "com.apple.product-type.bundle.unit-test";
		};
		3286D32C2D13BAA600DA1741 /* ColorifyUITests */ = {
			isa = PBXNativeTarget;
			buildConfigurationList = 3286D33E2D13BAA600DA1741 /* Build configuration list for PBXNativeTarget "ColorifyUITests" */;
			buildPhases = (
				3286D3292D13BAA600DA1741 /* Sources */,
				3286D32A2D13BAA600DA1741 /* Frameworks */,
				3286D32B2D13BAA600DA1741 /* Resources */,
			);
			buildRules = (
			);
			dependencies = (
				3286D32F2D13BAA600DA1741 /* PBXTargetDependency */,
			);
			fileSystemSynchronizedGroups = (
				3286D3302D13BAA600DA1741 /* ColorifyUITests */,
			);
			name = ColorifyUITests;
			packageProductDependencies = (
			);
			productName = ColorifyUITests;
			productReference = 3286D32D2D13BAA600DA1741 /* ColorifyUITests.xctest */;
			productType = "com.apple.product-type.bundle.ui-testing";
		};
/* End PBXNativeTarget section */

/* Begin PBXProject section */
		3286D3052D13BAA400DA1741 /* Project object */ = {
			isa = PBXProject;
			attributes = {
				BuildIndependentTargetsInParallel = 1;
				LastSwiftUpdateCheck = 1620;
				LastUpgradeCheck = 1620;
				TargetAttributes = {
					3286D30C2D13BAA400DA1741 = {
						CreatedOnToolsVersion = 16.2;
					};
					3286D3222D13BAA600DA1741 = {
						CreatedOnToolsVersion = 16.2;
						TestTargetID = 3286D30C2D13BAA400DA1741;
					};
					3286D32C2D13BAA600DA1741 = {
						CreatedOnToolsVersion = 16.2;
						TestTargetID = 3286D30C2D13BAA400DA1741;
					};
				};
			};
			buildConfigurationList = 3286D3082D13BAA400DA1741 /* Build configuration list for PBXProject "Colorify" */;
			developmentRegion = en;
			hasScannedForEncodings = 0;
			knownRegions = (
				en,
				Base,
			);
			mainGroup = 3286D3042D13BAA400DA1741;
			minimizedProjectReferenceProxies = 1;
			preferredProjectObjectVersion = 77;
			productRefGroup = 3286D30E2D13BAA400DA1741 /* Products */;
			projectDirPath = "";
			projectRoot = "";
			targets = (
				3286D30C2D13BAA400DA1741 /* Colorify */,
				3286D3222D13BAA600DA1741 /* ColorifyTests */,
				3286D32C2D13BAA600DA1741 /* ColorifyUITests */,
			);
		};
/* End PBXProject section */

/* Begin PBXResourcesBuildPhase section */
		3286D30B2D13BAA400DA1741 /* Resources */ = {
			isa = PBXResourcesBuildPhase;
			buildActionMask = 2147483647;
			files = (
			);
			runOnlyForDeploymentPostprocessing = 0;
		};
		3286D3212D13BAA600DA1741 /* Resources */ = {
			isa = PBXResourcesBuildPhase;
			buildActionMask = 2147483647;
			files = (
			);
			runOnlyForDeploymentPostprocessing = 0;
		};
		3286D32B2D13BAA600DA1741 /* Resources */ = {
			isa = PBXResourcesBuildPhase;
			buildActionMask = 2147483647;
			files = (
			);
			runOnlyForDeploymentPostprocessing = 0;
		};
/* End PBXResourcesBuildPhase section */

/* Begin PBXSourcesBuildPhase section */
		3286D3092D13BAA400DA1741 /* Sources */ = {
			isa = PBXSourcesBuildPhase;
			buildActionMask = 2147483647;
			files = (
			);
			runOnlyForDeploymentPostprocessing = 0;
		};
		3286D31F2D13BAA600DA1741 /* Sources */ = {
			isa = PBXSourcesBuildPhase;
			buildActionMask = 2147483647;
			files = (
			);
			runOnlyForDeploymentPostprocessing = 0;
		};
		3286D3292D13BAA600DA1741 /* Sources */ = {
			isa = PBXSourcesBuildPhase;
			buildActionMask = 2147483647;
			files = (
			);
			runOnlyForDeploymentPostprocessing = 0;
		};
/* End PBXSourcesBuildPhase section */

/* Begin PBXTargetDependency section */
		3286D3252D13BAA600DA1741 /* PBXTargetDependency */ = {
			isa = PBXTargetDependency;
			target = 3286D30C2D13BAA400DA1741 /* Colorify */;
			targetProxy = 3286D3242D13BAA600DA1741 /* PBXContainerItemProxy */;
		};
		3286D32F2D13BAA600DA1741 /* PBXTargetDependency */ = {
			isa = PBXTargetDependency;
			target = 3286D30C2D13BAA400DA1741 /* Colorify */;
			targetProxy = 3286D32E2D13BAA600DA1741 /* PBXContainerItemProxy */;
		};
/* End PBXTargetDependency section */

/* Begin XCBuildConfiguration section */
		3286D3372D13BAA600DA1741 /* Debug */ = {
			isa = XCBuildConfiguration;
			buildSettings = {
				ASSETCATALOG_COMPILER_APPICON_NAME = AppIcon;
				ASSETCATALOG_COMPILER_GLOBAL_ACCENT_COLOR_NAME = AccentColor;
				CODE_SIGN_STYLE = Automatic;
				CURRENT_PROJECT_VERSION = 1;
				GENERATE_INFOPLIST_FILE = YES;
				INFOPLIST_FILE = Colorify/Info.plist;
				INFOPLIST_KEY_UIApplicationSupportsIndirectInputEvents = YES;
				INFOPLIST_KEY_UILaunchStoryboardName = LaunchScreen;
				INFOPLIST_KEY_UIMainStoryboardFile = Main;
				INFOPLIST_KEY_UISupportedInterfaceOrientations_iPad = "UIInterfaceOrientationPortrait UIInterfaceOrientationPortraitUpsideDown UIInterfaceOrientationLandscapeLeft UIInterfaceOrientationLandscapeRight";
				INFOPLIST_KEY_UISupportedInterfaceOrientations_iPhone = "UIInterfaceOrientationPortrait UIInterfaceOrientationLandscapeLeft UIInterfaceOrientationLandscapeRight";
				LD_RUNPATH_SEARCH_PATHS = (
					"$(inherited)",
					"@executable_path/Frameworks",
				);
				MARKETING_VERSION = 1.0;
				PRODUCT_BUNDLE_IDENTIFIER = com.adityajha.Colorify;
				PRODUCT_NAME = "$(TARGET_NAME)";
				SWIFT_EMIT_LOC_STRINGS = YES;
				SWIFT_VERSION = 5.0;
				TARGETED_DEVICE_FAMILY = "1,2";
			};
			name = Debug;
		};
		3286D3382D13BAA600DA1741 /* Release */ = {
			isa = XCBuildConfiguration;
			buildSettings = {
				ASSETCATALOG_COMPILER_APPICON_NAME = AppIcon;
				ASSETCATALOG_COMPILER_GLOBAL_ACCENT_COLOR_NAME = AccentColor;
				CODE_SIGN_STYLE = Automatic;
				CURRENT_PROJECT_VERSION = 1;
				GENERATE_INFOPLIST_FILE = YES;
				INFOPLIST_FILE = Colorify/Info.plist;
				INFOPLIST_KEY_UIApplicationSupportsIndirectInputEvents = YES;
				INFOPLIST_KEY_UILaunchStoryboardName = LaunchScreen;
				INFOPLIST_KEY_UIMainStoryboardFile = Main;
				INFOPLIST_KEY_UISupportedInterfaceOrientations_iPad = "UIInterfaceOrientationPortrait UIInterfaceOrientationPortraitUpsideDown UIInterfaceOrientationLandscapeLeft UIInterfaceOrientationLandscapeRight";
				INFOPLIST_KEY_UISupportedInterfaceOrientations_iPhone = "UIInterfaceOrientationPortrait UIInterfaceOrientationLandscapeLeft UIInterfaceOrientationLandscapeRight";
				LD_RUNPATH_SEARCH_PATHS = (
					"$(inherited)",
					"@executable_path/Frameworks",
				);
				MARKETING_VERSION = 1.0;
				PRODUCT_BUNDLE_IDENTIFIER = com.adityajha.Colorify;
				PRODUCT_NAME = "$(TARGET_NAME)";
				SWIFT_EMIT_LOC_STRINGS = YES;
				SWIFT_VERSION = 5.0;
				TARGETED_DEVICE_FAMILY = "1,2";
			};
			name = Release;
		};
		3286D3392D13BAA600DA1741 /* Debug */ = {
			isa = XCBuildConfiguration;
			buildSettings = {
				ALWAYS_SEARCH_USER_PATHS = NO;
				ASSETCATALOG_COMPILER_GENERATE_SWIFT_ASSET_SYMBOL_EXTENSIONS = YES;
				CLANG_ANALYZER_NONNULL = YES;
				CLANG_ANALYZER_NUMBER_OBJECT_CONVERSION = YES_AGGRESSIVE;
				CLANG_CXX_LANGUAGE_STANDARD = "gnu++20";
				CLANG_ENABLE_MODULES = YES;
				CLANG_ENABLE_OBJC_ARC = YES;
				CLANG_ENABLE_OBJC_WEAK = YES;
				CLANG_WARN_BLOCK_CAPTURE_AUTORELEASING = YES;
				CLANG_WARN_BOOL_CONVERSION = YES;
				CLANG_WARN_COMMA = YES;
				CLANG_WARN_CONSTANT_CONVERSION = YES;
				CLANG_WARN_DEPRECATED_OBJC_IMPLEMENTATIONS = YES;
				CLANG_WARN_DIRECT_OBJC_ISA_USAGE = YES_ERROR;
				CLANG_WARN_DOCUMENTATION_COMMENTS = YES;
				CLANG_WARN_EMPTY_BODY = YES;
				CLANG_WARN_ENUM_CONVERSION = YES;
				CLANG_WARN_INFINITE_RECURSION = YES;
				CLANG_WARN_INT_CONVERSION = YES;
				CLANG_WARN_NON_LITERAL_NULL_CONVERSION = YES;
				CLANG_WARN_OBJC_IMPLICIT_RETAIN_SELF = YES;
				CLANG_WARN_OBJC_LITERAL_CONVERSION = YES;
				CLANG_WARN_OBJC_ROOT_CLASS = YES_ERROR;
				CLANG_WARN_QUOTED_INCLUDE_IN_FRAMEWORK_HEADER = YES;
				CLANG_WARN_RANGE_LOOP_ANALYSIS = YES;
				CLANG_WARN_STRICT_PROTOTYPES = YES;
				CLANG_WARN_SUSPICIOUS_MOVE = YES;
				CLANG_WARN_UNGUARDED_AVAILABILITY = YES_AGGRESSIVE;
				CLANG_WARN_UNREACHABLE_CODE = YES;
				CLANG_WARN__DUPLICATE_METHOD_MATCH = YES;
				COPY_PHASE_STRIP = NO;
				DEBUG_INFORMATION_FORMAT = dwarf;
				ENABLE_STRICT_OBJC_MSGSEND = YES;
				ENABLE_TESTABILITY = YES;
				ENABLE_USER_SCRIPT_SANDBOXING = YES;
				GCC_C_LANGUAGE_STANDARD = gnu17;
				GCC_DYNAMIC_NO_PIC = NO;
				GCC_NO_COMMON_BLOCKS = YES;
				GCC_OPTIMIZATION_LEVEL = 0;
				GCC_PREPROCESSOR_DEFINITIONS = (
					"DEBUG=1",
					"$(inherited)",
				);
				GCC_WARN_64_TO_32_BIT_CONVERSION = YES;
				GCC_WARN_ABOUT_RETURN_TYPE = YES_ERROR;
				GCC_WARN_UNDECLARED_SELECTOR = YES;
				GCC_WARN_UNINITIALIZED_AUTOS = YES_AGGRESSIVE;
				GCC_WARN_UNUSED_FUNCTION = YES;
				GCC_WARN_UNUSED_VARIABLE = YES;
				IPHONEOS_DEPLOYMENT_TARGET = 18.2;
				LOCALIZATION_PREFERS_STRING_CATALOGS = YES;
				MTL_ENABLE_DEBUG_INFO = INCLUDE_SOURCE;
				MTL_FAST_MATH = YES;
				ONLY_ACTIVE_ARCH = YES;
				SDKROOT = iphoneos;
				SWIFT_ACTIVE_COMPILATION_CONDITIONS = "DEBUG $(inherited)";
				SWIFT_OPTIMIZATION_LEVEL = "-Onone";
			};
			name = Debug;
		};
		3286D33A2D13BAA600DA1741 /* Release */ = {
			isa = XCBuildConfiguration;
			buildSettings = {
				ALWAYS_SEARCH_USER_PATHS = NO;
				ASSETCATALOG_COMPILER_GENERATE_SWIFT_ASSET_SYMBOL_EXTENSIONS = YES;
				CLANG_ANALYZER_NONNULL = YES;
				CLANG_ANALYZER_NUMBER_OBJECT_CONVERSION = YES_AGGRESSIVE;
				CLANG_CXX_LANGUAGE_STANDARD = "gnu++20";
				CLANG_ENABLE_MODULES = YES;
				CLANG_ENABLE_OBJC_ARC = YES;
				CLANG_ENABLE_OBJC_WEAK = YES;
				CLANG_WARN_BLOCK_CAPTURE_AUTORELEASING = YES;
				CLANG_WARN_BOOL_CONVERSION = YES;
				CLANG_WARN_COMMA = YES;
				CLANG_WARN_CONSTANT_CONVERSION = YES;
				CLANG_WARN_DEPRECATED_OBJC_IMPLEMENTATIONS = YES;
				CLANG_WARN_DIRECT_OBJC_ISA_USAGE = YES_ERROR;
				CLANG_WARN_DOCUMENTATION_COMMENTS = YES;
				CLANG_WARN_EMPTY_BODY = YES;
				CLANG_WARN_ENUM_CONVERSION = YES;
				CLANG_WARN_INFINITE_RECURSION = YES;
				CLANG_WARN_INT_CONVERSION = YES;
				CLANG_WARN_NON_LITERAL_NULL_CONVERSION = YES;
				CLANG_WARN_OBJC_IMPLICIT_RETAIN_SELF = YES;
				CLANG_WARN_OBJC_LITERAL_CONVERSION = YES;
				CLANG_WARN_OBJC_ROOT_CLASS = YES_ERROR;
				CLANG_WARN_QUOTED_INCLUDE_IN_FRAMEWORK_HEADER = YES;
				CLANG_WARN_RANGE_LOOP_ANALYSIS = YES;
				CLANG_WARN_STRICT_PROTOTYPES = YES;
				CLANG_WARN_SUSPICIOUS_MOVE = YES;
				CLANG_WARN_UNGUARDED_AVAILABILITY = YES_AGGRESSIVE;
				CLANG_WARN_UNREACHABLE_CODE = YES;
				CLANG_WARN__DUPLICATE_METHOD_MATCH = YES;
				COPY_PHASE_STRIP = NO;
				DEBUG_INFORMATION_FORMAT = "dwarf-with-dsym";
				ENABLE_NS_ASSERTIONS = NO;
				ENABLE_STRICT_OBJC_MSGSEND = YES;
				ENABLE_USER_SCRIPT_SANDBOXING = YES;
				GCC_C_LANGUAGE_STANDARD = gnu17;
				GCC_NO_COMMON_BLOCKS = YES;
				GCC_WARN_64_TO_32_BIT_CONVERSION = YES;
				GCC_WARN_ABOUT_RETURN_TYPE = YES_ERROR;
				GCC_WARN_UNDECLARED_SELECTOR = YES;
				GCC_WARN_UNINITIALIZED_AUTOS = YES_AGGRESSIVE;
				GCC_WARN_UNUSED_FUNCTION = YES;
				GCC_WARN_UNUSED_VARIABLE = YES;
				IPHONEOS_DEPLOYMENT_TARGET = 18.2;
				LOCALIZATION_PREFERS_STRING_CATALOGS = YES;
				MTL_ENABLE_DEBUG_INFO = NO;
				MTL_FAST_MATH = YES;
				SDKROOT = iphoneos;
				SWIFT_COMPILATION_MODE = wholemodule;
				VALIDATE_PRODUCT = YES;
			};
			name = Release;
		};
		3286D33C2D13BAA600DA1741 /* Debug */ = {
			isa = XCBuildConfiguration;
			buildSettings = {
				BUNDLE_LOADER = "$(TEST_HOST)";
				CODE_SIGN_STYLE = Automatic;
				CURRENT_PROJECT_VERSION = 1;
				GENERATE_INFOPLIST_FILE = YES;
				IPHONEOS_DEPLOYMENT_TARGET = 18.2;
				MARKETING_VERSION = 1.0;
				PRODUCT_BUNDLE_IDENTIFIER = com.adityajha.ColorifyTests;
				PRODUCT_NAME = "$(TARGET_NAME)";
				SWIFT_EMIT_LOC_STRINGS = NO;
				SWIFT_VERSION = 5.0;
				TARGETED_DEVICE_FAMILY = "1,2";
				TEST_HOST = "$(BUILT_PRODUCTS_DIR)/Colorify.app/$(BUNDLE_EXECUTABLE_FOLDER_PATH)/Colorify";
			};
			name = Debug;
		};
		3286D33D2D13BAA600DA1741 /* Release */ = {
			isa = XCBuildConfiguration;
			buildSettings = {
				BUNDLE_LOADER = "$(TEST_HOST)";
				CODE_SIGN_STYLE = Automatic;
				CURRENT_PROJECT_VERSION = 1;
				GENERATE_INFOPLIST_FILE = YES;
				IPHONEOS_DEPLOYMENT_TARGET = 18.2;
				MARKETING_VERSION = 1.0;
				PRODUCT_BUNDLE_IDENTIFIER = com.adityajha.ColorifyTests;
				PRODUCT_NAME = "$(TARGET_NAME)";
				SWIFT_EMIT_LOC_STRINGS = NO;
				SWIFT_VERSION = 5.0;
				TARGETED_DEVICE_FAMILY = "1,2";
				TEST_HOST = "$(BUILT_PRODUCTS_DIR)/Colorify.app/$(BUNDLE_EXECUTABLE_FOLDER_PATH)/Colorify";
			};
			name = Release;
		};
		3286D33F2D13BAA600DA1741 /* Debug */ = {
			isa = XCBuildConfiguration;
			buildSettings = {
				CODE_SIGN_STYLE = Automatic;
				CURRENT_PROJECT_VERSION = 1;
				GENERATE_INFOPLIST_FILE = YES;
				MARKETING_VERSION = 1.0;
				PRODUCT_BUNDLE_IDENTIFIER = com.adityajha.ColorifyUITests;
				PRODUCT_NAME = "$(TARGET_NAME)";
				SWIFT_EMIT_LOC_STRINGS = NO;
				SWIFT_VERSION = 5.0;
				TARGETED_DEVICE_FAMILY = "1,2";
				TEST_TARGET_NAME = Colorify;
			};
			name = Debug;
		};
		3286D3402D13BAA600DA1741 /* Release */ = {
			isa = XCBuildConfiguration;
			buildSettings = {
				CODE_SIGN_STYLE = Automatic;
				CURRENT_PROJECT_VERSION = 1;
				GENERATE_INFOPLIST_FILE = YES;
				MARKETING_VERSION = 1.0;
				PRODUCT_BUNDLE_IDENTIFIER = com.adityajha.ColorifyUITests;
				PRODUCT_NAME = "$(TARGET_NAME)";
				SWIFT_EMIT_LOC_STRINGS = NO;
				SWIFT_VERSION = 5.0;
				TARGETED_DEVICE_FAMILY = "1,2";
				TEST_TARGET_NAME = Colorify;
			};
			name = Release;
		};
/* End XCBuildConfiguration section */

/* Begin XCConfigurationList section */
		3286D3082D13BAA400DA1741 /* Build configuration list for PBXProject "Colorify" */ = {
			isa = XCConfigurationList;
			buildConfigurations = (
				3286D3392D13BAA600DA1741 /* Debug */,
				3286D33A2D13BAA600DA1741 /* Release */,
			);
			defaultConfigurationIsVisible = 0;
			defaultConfigurationName = Release;
		};
		3286D3362D13BAA600DA1741 /* Build configuration list for PBXNativeTarget "Colorify" */ = {
			isa = XCConfigurationList;
			buildConfigurations = (
				3286D3372D13BAA600DA1741 /* Debug */,
				3286D3382D13BAA600DA1741 /* Release */,
			);
			defaultConfigurationIsVisible = 0;
			defaultConfigurationName = Release;
		};
		3286D33B2D13BAA600DA1741 /* Build configuration list for PBXNativeTarget "ColorifyTests" */ = {
			isa = XCConfigurationList;
			buildConfigurations = (
				3286D33C2D13BAA600DA1741 /* Debug */,
				3286D33D2D13BAA600DA1741 /* Release */,
			);
			defaultConfigurationIsVisible = 0;
			defaultConfigurationName = Release;
		};
		3286D33E2D13BAA600DA1741 /* Build configuration list for PBXNativeTarget "ColorifyUITests" */ = {
			isa = XCConfigurationList;
			buildConfigurations = (
				3286D33F2D13BAA600DA1741 /* Debug */,
				3286D3402D13BAA600DA1741 /* Release */,
			);
			defaultConfigurationIsVisible = 0;
			defaultConfigurationName = Release;
		};
/* End XCConfigurationList section */
	};
	rootObject = 3286D3052D13BAA400DA1741 /* Project object */;
}
